
Microsoft Visual Studio Solution File, Format Version 12.00
# Visual Studio Version 17
VisualStudioVersion = 17.3.32825.248
MinimumVisualStudioVersion = 10.0.40219.1
Project("{FAE04EC0-301F-11D3-BF4B-00C04F79EFBC}") = "AllLabsApp", "AllLabsApp\AllLabsApp.csproj", "{B6F9BF26-3985-429D-8A63-90760FB5233A}"
EndProject
Global
	GlobalSection(SolutionConfigurationPlatforms) = preSolution
		Debug|Any CPU = Debug|Any CPU
		Release|Any CPU = Release|Any CPU
	EndGlobalSection
	GlobalSection(ProjectConfigurationPlatforms) = postSolution
		{B6F9BF26-3985-429D-8A63-90760FB5233A}.Debug|Any CPU.ActiveCfg = Debug|Any CPU
		{B6F9BF26-3985-429D-8A63-90760FB5233A}.Debug|Any CPU.Build.0 = Debug|Any CPU
		{B6F9BF26-3985-429D-8A63-90760FB5233A}.Release|Any CPU.ActiveCfg = Release|Any CPU
		{B6F9BF26-3985-429D-8A63-90760FB5233A}.Release|Any CPU.Build.0 = Release|Any CPU
	EndGlobalSection
	GlobalSection(SolutionProperties) = preSolution
		HideSolutionNode = FALSE
	EndGlobalSection
	GlobalSection(ExtensibilityGlobals) = postSolution
		SolutionGuid = {C137D94F-D972-4502-9D68-EBDB584801A7}
	EndGlobalSection
EndGlobal
